
Microsoft Visual Studio Solution File, Format Version 12.00
# Visual Studio Version 17
VisualStudioVersion = 17.0.31903.59
MinimumVisualStudioVersion = 10.0.40219.1
Project("{2150E333-8FDC-42A3-9474-1A3956D46DE8}") = "building-blocks", "building-blocks", "{31CBEB51-93DC-9CA1-DA8D-67643319BEE1}"
EndProject
Project("{FAE04EC0-301F-11D3-BF4B-00C04F79EFBC}") = "BuildingBlocks", "building-blocks\BuildingBlocks\BuildingBlocks.csproj", "{6E6D6F38-D13B-4F93-9F78-63E80FE9D497}"
EndProject
Project("{2150E333-8FDC-42A3-9474-1A3956D46DE8}") = "services", "services", "{5854FF58-B8C5-05C6-5BF2-ACE42193F22B}"
EndProject
Project("{2150E333-8FDC-42A3-9474-1A3956D46DE8}") = "Booking", "Booking", "{1BDCE16F-44E9-1D02-8623-3C0B350C7CC7}"
EndProject
Project("{FAE04EC0-301F-11D3-BF4B-00C04F79EFBC}") = "Booking.API", "services\Booking\Booking.API\Booking.API.csproj", "{62AB30CD-6E55-4CDF-873A-7D65B3D79B0B}"
EndProject
Project("{FAE04EC0-301F-11D3-BF4B-00C04F79EFBC}") = "Booking.Application", "services\Booking\Booking.Application\Booking.Application.csproj", "{9891E600-A517-4BCB-9288-7DA5688AC97C}"
EndProject
Project("{FAE04EC0-301F-11D3-BF4B-00C04F79EFBC}") = "Booking.Domain", "services\Booking\Booking.Domain\Booking.Domain.csproj", "{AA8AE703-9933-4D92-915B-C51BD9179957}"
EndProject
Project("{FAE04EC0-301F-11D3-BF4B-00C04F79EFBC}") = "Booking.Infrastructure", "services\Booking\Booking.Infrastructure\Booking.Infrastructure.csproj", "{D32C1E6C-1F45-4A62-9DD9-D47793144727}"
EndProject
Project("{FAE04EC0-301F-11D3-BF4B-00C04F79EFBC}") = "Booking.Tests", "services\Booking\Booking.Tests\Booking.Tests.csproj", "{AD9F30AE-233F-48A1-BEB6-E323FCC7AFCC}"
EndProject
Project("{2150E333-8FDC-42A3-9474-1A3956D46DE8}") = "Notification", "Notification", "{06470F13-D646-4954-ED4A-FA216054436A}"
EndProject
Project("{FAE04EC0-301F-11D3-BF4B-00C04F79EFBC}") = "Notification.API", "services\Notification\Notification.API\Notification.API.csproj", "{7AFA9A7D-C6B6-4E50-B036-34B32D26E449}"
EndProject
Project("{FAE04EC0-301F-11D3-BF4B-00C04F79EFBC}") = "Notification.Application", "services\Notification\Notification.Application\Notification.Application.csproj", "{A6C356BE-C396-44F7-A0C7-AF4B1D9E2B7A}"
EndProject
Project("{FAE04EC0-301F-11D3-BF4B-00C04F79EFBC}") = "Notification.Domain", "services\Notification\Notification.Domain\Notification.Domain.csproj", "{AFA73F9F-3D5B-4D6D-A8B2-3EE977F6F8EA}"
EndProject
Project("{FAE04EC0-301F-11D3-BF4B-00C04F79EFBC}") = "Notification.Infrastructure", "services\Notification\Notification.Infrastructure\Notification.Infrastructure.csproj", "{B01C6772-A485-4206-BB2E-9FEF8DB42700}"
EndProject
Project("{FAE04EC0-301F-11D3-BF4B-00C04F79EFBC}") = "Notification.Tests", "services\Notification\Notification.Tests\Notification.Tests.csproj", "{586F9CC5-AAB3-46C2-BDD4-DB49B7350B07}"
EndProject
Project("{2150E333-8FDC-42A3-9474-1A3956D46DE8}") = "Payment", "Payment", "{714CC2AF-245C-D6B1-E117-A1157E62AF44}"
EndProject
Project("{FAE04EC0-301F-11D3-BF4B-00C04F79EFBC}") = "Payment.API", "services\Payment\Payment.API\Payment.API.csproj", "{0DB26B7C-0A09-4197-97CF-F3F958EAE8DB}"
EndProject
Project("{FAE04EC0-301F-11D3-BF4B-00C04F79EFBC}") = "Payment.Application", "services\Payment\Payment.Application\Payment.Application.csproj", "{02585FFD-52FE-4C06-9F47-FF54B1AB96AA}"
EndProject
Project("{FAE04EC0-301F-11D3-BF4B-00C04F79EFBC}") = "Payment.Domain", "services\Payment\Payment.Domain\Payment.Domain.csproj", "{34395AB8-6FB4-4AE1-AA6E-DF154353EBD7}"
EndProject
Project("{FAE04EC0-301F-11D3-BF4B-00C04F79EFBC}") = "Payment.Infrastructure", "services\Payment\Payment.Infrastructure\Payment.Infrastructure.csproj", "{911AC7FD-FCD5-4FD8-9D5F-975AAD63992E}"
EndProject
Project("{FAE04EC0-301F-11D3-BF4B-00C04F79EFBC}") = "Payment.Tests", "services\Payment\Payment.Tests\Payment.Tests.csproj", "{AC23AD4C-0C60-4AB9-AFD3-427A21E7660D}"
EndProject
Project("{2150E333-8FDC-42A3-9474-1A3956D46DE8}") = "Report", "Report", "{86ABE1F9-23ED-9C87-BC7A-555EAC0243D4}"
EndProject
Project("{FAE04EC0-301F-11D3-BF4B-00C04F79EFBC}") = "Report.API", "services\Report\Report.API\Report.API.csproj", "{A091AEA1-D66C-4B7E-9CDD-32FB7F3F3AA6}"
EndProject
Project("{FAE04EC0-301F-11D3-BF4B-00C04F79EFBC}") = "Report.Application", "services\Report\Report.Application\Report.Application.csproj", "{174E8133-6D6D-4236-85B6-617D3D217389}"
EndProject
Project("{FAE04EC0-301F-11D3-BF4B-00C04F79EFBC}") = "Report.Domain", "services\Report\Report.Domain\Report.Domain.csproj", "{B57B65FB-874B-4890-9315-8CE82319582A}"
EndProject
Project("{FAE04EC0-301F-11D3-BF4B-00C04F79EFBC}") = "Report.Infrastructure", "services\Report\Report.Infrastructure\Report.Infrastructure.csproj", "{CE2C0752-06D7-4DA7-BF7E-6B72FF5959DD}"
EndProject
Project("{FAE04EC0-301F-11D3-BF4B-00C04F79EFBC}") = "Report.Tests", "services\Report\Report.Tests\Report.Tests.csproj", "{33024B36-3300-44B8-95BC-36B9A2624E2F}"
EndProject
Project("{2150E333-8FDC-42A3-9474-1A3956D46DE8}") = "Staff", "Staff", "{B3E177CD-7AD0-C958-1D54-EE6EA7C70667}"
EndProject
Project("{FAE04EC0-301F-11D3-BF4B-00C04F79EFBC}") = "Staff.API", "services\Staff\Staff.API\Staff.API.csproj", "{7815950D-A6AC-45F7-9D19-6CA252008E8C}"
EndProject
Project("{FAE04EC0-301F-11D3-BF4B-00C04F79EFBC}") = "Staff.Application", "services\Staff\Staff.Application\Staff.Application.csproj", "{8822F62B-FC17-4107-90BA-57FF41BC270E}"
EndProject
Project("{FAE04EC0-301F-11D3-BF4B-00C04F79EFBC}") = "Staff.Domain", "services\Staff\Staff.Domain\Staff.Domain.csproj", "{4872AD2E-D302-457E-8AB8-E52CB49C4776}"
EndProject
Project("{FAE04EC0-301F-11D3-BF4B-00C04F79EFBC}") = "Staff.Infrastructure", "services\Staff\Staff.Infrastructure\Staff.Infrastructure.csproj", "{A0F51E5F-429D-407A-A73E-1C71FC184045}"
EndProject
Project("{FAE04EC0-301F-11D3-BF4B-00C04F79EFBC}") = "Staff.Tests", "services\Staff\Staff.Tests\Staff.Tests.csproj", "{85F3665D-E895-4754-8F86-47EB19CEB4E8}"
EndProject
Project("{2150E333-8FDC-42A3-9474-1A3956D46DE8}") = "Tour", "Tour", "{453329C7-E3F5-0526-9418-BA149D327019}"
EndProject
Project("{FAE04EC0-301F-11D3-BF4B-00C04F79EFBC}") = "Tour.API", "services\Tour\Tour.API\Tour.API.csproj", "{7B197379-4C51-471A-83E2-EEFBAD6812F2}"
EndProject
Project("{FAE04EC0-301F-11D3-BF4B-00C04F79EFBC}") = "Tour.Application", "services\Tour\Tour.Application\Tour.Application.csproj", "{2F2E8EEA-D628-4E67-9705-6DE75844FA15}"
EndProject
Project("{FAE04EC0-301F-11D3-BF4B-00C04F79EFBC}") = "Tour.Domain", "services\Tour\Tour.Domain\Tour.Domain.csproj", "{1C46C78C-CEA2-46D3-8C6C-64397523E840}"
EndProject
Project("{FAE04EC0-301F-11D3-BF4B-00C04F79EFBC}") = "Tour.Infrastructure", "services\Tour\Tour.Infrastructure\Tour.Infrastructure.csproj", "{C325CD48-499F-4C7F-B2F9-03C38544F06E}"
EndProject
Project("{FAE04EC0-301F-11D3-BF4B-00C04F79EFBC}") = "Tour.Tests", "services\Tour\Tour.Tests\Tour.Tests.csproj", "{1DF13E3E-E7CC-4FC0-8123-C40AB73141BB}"
EndProject
Project("{2150E333-8FDC-42A3-9474-1A3956D46DE8}") = "User", "User", "{5979469B-CEB9-B27D-9095-D604475979B8}"
EndProject
Project("{FAE04EC0-301F-11D3-BF4B-00C04F79EFBC}") = "User.API", "services\User\User.API\User.API.csproj", "{2B68E071-9CD5-4E92-95FC-7342B1883F05}"
EndProject
Project("{FAE04EC0-301F-11D3-BF4B-00C04F79EFBC}") = "User.Application", "services\User\User.Application\User.Application.csproj", "{0B8C1D7D-C76D-4A9F-9676-19CA9822B204}"
EndProject
Project("{FAE04EC0-301F-11D3-BF4B-00C04F79EFBC}") = "User.Domain", "services\User\User.Domain\User.Domain.csproj", "{14F3779D-553C-48C5-AF3B-55BA663F6A8B}"
EndProject
Project("{FAE04EC0-301F-11D3-BF4B-00C04F79EFBC}") = "User.Infrastructure", "services\User\User.Infrastructure\User.Infrastructure.csproj", "{B25C657A-E874-44C8-A96B-DC2BD4D84705}"
EndProject
Project("{FAE04EC0-301F-11D3-BF4B-00C04F79EFBC}") = "User.Tests", "services\User\User.Tests\User.Tests.csproj", "{66FB5739-4EF4-4F20-B5F1-8EC7D8ECBEDF}"
EndProject
Project("{2150E333-8FDC-42A3-9474-1A3956D46DE8}") = "src", "src", "{827E0CD3-B72D-47B6-A68D-7590B98EB39B}"
EndProject
Project("{2150E333-8FDC-42A3-9474-1A3956D46DE8}") = "ApiGateway", "ApiGateway", "{FCA01246-F2C6-0AA7-D43F-FD13BE0B9D88}"
EndProject
Project("{FAE04EC0-301F-11D3-BF4B-00C04F79EFBC}") = "ApiGateway", "src\ApiGateway\ApiGateway\ApiGateway.csproj", "{D2BE1018-C856-42F3-AD1A-5C0D7F23A8D4}"
EndProject
Global
	GlobalSection(SolutionConfigurationPlatforms) = preSolution
		Debug|Any CPU = Debug|Any CPU
		Debug|x64 = Debug|x64
		Debug|x86 = Debug|x86
		Release|Any CPU = Release|Any CPU
		Release|x64 = Release|x64
		Release|x86 = Release|x86
	EndGlobalSection
	GlobalSection(ProjectConfigurationPlatforms) = postSolution
		{6E6D6F38-D13B-4F93-9F78-63E80FE9D497}.Debug|Any CPU.ActiveCfg = Debug|Any CPU
		{6E6D6F38-D13B-4F93-9F78-63E80FE9D497}.Debug|Any CPU.Build.0 = Debug|Any CPU
		{6E6D6F38-D13B-4F93-9F78-63E80FE9D497}.Debug|x64.ActiveCfg = Debug|Any CPU
		{6E6D6F38-D13B-4F93-9F78-63E80FE9D497}.Debug|x64.Build.0 = Debug|Any CPU
		{6E6D6F38-D13B-4F93-9F78-63E80FE9D497}.Debug|x86.ActiveCfg = Debug|Any CPU
		{6E6D6F38-D13B-4F93-9F78-63E80FE9D497}.Debug|x86.Build.0 = Debug|Any CPU
		{6E6D6F38-D13B-4F93-9F78-63E80FE9D497}.Release|Any CPU.ActiveCfg = Release|Any CPU
		{6E6D6F38-D13B-4F93-9F78-63E80FE9D497}.Release|Any CPU.Build.0 = Release|Any CPU
		{6E6D6F38-D13B-4F93-9F78-63E80FE9D497}.Release|x64.ActiveCfg = Release|Any CPU
		{6E6D6F38-D13B-4F93-9F78-63E80FE9D497}.Release|x64.Build.0 = Release|Any CPU
		{6E6D6F38-D13B-4F93-9F78-63E80FE9D497}.Release|x86.ActiveCfg = Release|Any CPU
		{6E6D6F38-D13B-4F93-9F78-63E80FE9D497}.Release|x86.Build.0 = Release|Any CPU
		{62AB30CD-6E55-4CDF-873A-7D65B3D79B0B}.Debug|Any CPU.ActiveCfg = Debug|Any CPU
		{62AB30CD-6E55-4CDF-873A-7D65B3D79B0B}.Debug|Any CPU.Build.0 = Debug|Any CPU
		{62AB30CD-6E55-4CDF-873A-7D65B3D79B0B}.Debug|x64.ActiveCfg = Debug|Any CPU
		{62AB30CD-6E55-4CDF-873A-7D65B3D79B0B}.Debug|x64.Build.0 = Debug|Any CPU
		{62AB30CD-6E55-4CDF-873A-7D65B3D79B0B}.Debug|x86.ActiveCfg = Debug|Any CPU
		{62AB30CD-6E55-4CDF-873A-7D65B3D79B0B}.Debug|x86.Build.0 = Debug|Any CPU
		{62AB30CD-6E55-4CDF-873A-7D65B3D79B0B}.Release|Any CPU.ActiveCfg = Release|Any CPU
		{62AB30CD-6E55-4CDF-873A-7D65B3D79B0B}.Release|Any CPU.Build.0 = Release|Any CPU
		{62AB30CD-6E55-4CDF-873A-7D65B3D79B0B}.Release|x64.ActiveCfg = Release|Any CPU
		{62AB30CD-6E55-4CDF-873A-7D65B3D79B0B}.Release|x64.Build.0 = Release|Any CPU
		{62AB30CD-6E55-4CDF-873A-7D65B3D79B0B}.Release|x86.ActiveCfg = Release|Any CPU
		{62AB30CD-6E55-4CDF-873A-7D65B3D79B0B}.Release|x86.Build.0 = Release|Any CPU
		{9891E600-A517-4BCB-9288-7DA5688AC97C}.Debug|Any CPU.ActiveCfg = Debug|Any CPU
		{9891E600-A517-4BCB-9288-7DA5688AC97C}.Debug|Any CPU.Build.0 = Debug|Any CPU
		{9891E600-A517-4BCB-9288-7DA5688AC97C}.Debug|x64.ActiveCfg = Debug|Any CPU
		{9891E600-A517-4BCB-9288-7DA5688AC97C}.Debug|x64.Build.0 = Debug|Any CPU
		{9891E600-A517-4BCB-9288-7DA5688AC97C}.Debug|x86.ActiveCfg = Debug|Any CPU
		{9891E600-A517-4BCB-9288-7DA5688AC97C}.Debug|x86.Build.0 = Debug|Any CPU
		{9891E600-A517-4BCB-9288-7DA5688AC97C}.Release|Any CPU.ActiveCfg = Release|Any CPU
		{9891E600-A517-4BCB-9288-7DA5688AC97C}.Release|Any CPU.Build.0 = Release|Any CPU
		{9891E600-A517-4BCB-9288-7DA5688AC97C}.Release|x64.ActiveCfg = Release|Any CPU
		{9891E600-A517-4BCB-9288-7DA5688AC97C}.Release|x64.Build.0 = Release|Any CPU
		{9891E600-A517-4BCB-9288-7DA5688AC97C}.Release|x86.ActiveCfg = Release|Any CPU
		{9891E600-A517-4BCB-9288-7DA5688AC97C}.Release|x86.Build.0 = Release|Any CPU
		{AA8AE703-9933-4D92-915B-C51BD9179957}.Debug|Any CPU.ActiveCfg = Debug|Any CPU
		{AA8AE703-9933-4D92-915B-C51BD9179957}.Debug|Any CPU.Build.0 = Debug|Any CPU
		{AA8AE703-9933-4D92-915B-C51BD9179957}.Debug|x64.ActiveCfg = Debug|Any CPU
		{AA8AE703-9933-4D92-915B-C51BD9179957}.Debug|x64.Build.0 = Debug|Any CPU
		{AA8AE703-9933-4D92-915B-C51BD9179957}.Debug|x86.ActiveCfg = Debug|Any CPU
		{AA8AE703-9933-4D92-915B-C51BD9179957}.Debug|x86.Build.0 = Debug|Any CPU
		{AA8AE703-9933-4D92-915B-C51BD9179957}.Release|Any CPU.ActiveCfg = Release|Any CPU
		{AA8AE703-9933-4D92-915B-C51BD9179957}.Release|Any CPU.Build.0 = Release|Any CPU
		{AA8AE703-9933-4D92-915B-C51BD9179957}.Release|x64.ActiveCfg = Release|Any CPU
		{AA8AE703-9933-4D92-915B-C51BD9179957}.Release|x64.Build.0 = Release|Any CPU
		{AA8AE703-9933-4D92-915B-C51BD9179957}.Release|x86.ActiveCfg = Release|Any CPU
		{AA8AE703-9933-4D92-915B-C51BD9179957}.Release|x86.Build.0 = Release|Any CPU
		{D32C1E6C-1F45-4A62-9DD9-D47793144727}.Debug|Any CPU.ActiveCfg = Debug|Any CPU
		{D32C1E6C-1F45-4A62-9DD9-D47793144727}.Debug|Any CPU.Build.0 = Debug|Any CPU
		{D32C1E6C-1F45-4A62-9DD9-D47793144727}.Debug|x64.ActiveCfg = Debug|Any CPU
		{D32C1E6C-1F45-4A62-9DD9-D47793144727}.Debug|x64.Build.0 = Debug|Any CPU
		{D32C1E6C-1F45-4A62-9DD9-D47793144727}.Debug|x86.ActiveCfg = Debug|Any CPU
		{D32C1E6C-1F45-4A62-9DD9-D47793144727}.Debug|x86.Build.0 = Debug|Any CPU
		{D32C1E6C-1F45-4A62-9DD9-D47793144727}.Release|Any CPU.ActiveCfg = Release|Any CPU
		{D32C1E6C-1F45-4A62-9DD9-D47793144727}.Release|Any CPU.Build.0 = Release|Any CPU
		{D32C1E6C-1F45-4A62-9DD9-D47793144727}.Release|x64.ActiveCfg = Release|Any CPU
		{D32C1E6C-1F45-4A62-9DD9-D47793144727}.Release|x64.Build.0 = Release|Any CPU
		{D32C1E6C-1F45-4A62-9DD9-D47793144727}.Release|x86.ActiveCfg = Release|Any CPU
		{D32C1E6C-1F45-4A62-9DD9-D47793144727}.Release|x86.Build.0 = Release|Any CPU
		{AD9F30AE-233F-48A1-BEB6-E323FCC7AFCC}.Debug|Any CPU.ActiveCfg = Debug|Any CPU
		{AD9F30AE-233F-48A1-BEB6-E323FCC7AFCC}.Debug|Any CPU.Build.0 = Debug|Any CPU
		{AD9F30AE-233F-48A1-BEB6-E323FCC7AFCC}.Debug|x64.ActiveCfg = Debug|Any CPU
		{AD9F30AE-233F-48A1-BEB6-E323FCC7AFCC}.Debug|x64.Build.0 = Debug|Any CPU
		{AD9F30AE-233F-48A1-BEB6-E323FCC7AFCC}.Debug|x86.ActiveCfg = Debug|Any CPU
		{AD9F30AE-233F-48A1-BEB6-E323FCC7AFCC}.Debug|x86.Build.0 = Debug|Any CPU
		{AD9F30AE-233F-48A1-BEB6-E323FCC7AFCC}.Release|Any CPU.ActiveCfg = Release|Any CPU
		{AD9F30AE-233F-48A1-BEB6-E323FCC7AFCC}.Release|Any CPU.Build.0 = Release|Any CPU
		{AD9F30AE-233F-48A1-BEB6-E323FCC7AFCC}.Release|x64.ActiveCfg = Release|Any CPU
		{AD9F30AE-233F-48A1-BEB6-E323FCC7AFCC}.Release|x64.Build.0 = Release|Any CPU
		{AD9F30AE-233F-48A1-BEB6-E323FCC7AFCC}.Release|x86.ActiveCfg = Release|Any CPU
		{AD9F30AE-233F-48A1-BEB6-E323FCC7AFCC}.Release|x86.Build.0 = Release|Any CPU
		{7AFA9A7D-C6B6-4E50-B036-34B32D26E449}.Debug|Any CPU.ActiveCfg = Debug|Any CPU
		{7AFA9A7D-C6B6-4E50-B036-34B32D26E449}.Debug|Any CPU.Build.0 = Debug|Any CPU
		{7AFA9A7D-C6B6-4E50-B036-34B32D26E449}.Debug|x64.ActiveCfg = Debug|Any CPU
		{7AFA9A7D-C6B6-4E50-B036-34B32D26E449}.Debug|x64.Build.0 = Debug|Any CPU
		{7AFA9A7D-C6B6-4E50-B036-34B32D26E449}.Debug|x86.ActiveCfg = Debug|Any CPU
		{7AFA9A7D-C6B6-4E50-B036-34B32D26E449}.Debug|x86.Build.0 = Debug|Any CPU
		{7AFA9A7D-C6B6-4E50-B036-34B32D26E449}.Release|Any CPU.ActiveCfg = Release|Any CPU
		{7AFA9A7D-C6B6-4E50-B036-34B32D26E449}.Release|Any CPU.Build.0 = Release|Any CPU
		{7AFA9A7D-C6B6-4E50-B036-34B32D26E449}.Release|x64.ActiveCfg = Release|Any CPU
		{7AFA9A7D-C6B6-4E50-B036-34B32D26E449}.Release|x64.Build.0 = Release|Any CPU
		{7AFA9A7D-C6B6-4E50-B036-34B32D26E449}.Release|x86.ActiveCfg = Release|Any CPU
		{7AFA9A7D-C6B6-4E50-B036-34B32D26E449}.Release|x86.Build.0 = Release|Any CPU
		{A6C356BE-C396-44F7-A0C7-AF4B1D9E2B7A}.Debug|Any CPU.ActiveCfg = Debug|Any CPU
		{A6C356BE-C396-44F7-A0C7-AF4B1D9E2B7A}.Debug|Any CPU.Build.0 = Debug|Any CPU
		{A6C356BE-C396-44F7-A0C7-AF4B1D9E2B7A}.Debug|x64.ActiveCfg = Debug|Any CPU
		{A6C356BE-C396-44F7-A0C7-AF4B1D9E2B7A}.Debug|x64.Build.0 = Debug|Any CPU
		{A6C356BE-C396-44F7-A0C7-AF4B1D9E2B7A}.Debug|x86.ActiveCfg = Debug|Any CPU
		{A6C356BE-C396-44F7-A0C7-AF4B1D9E2B7A}.Debug|x86.Build.0 = Debug|Any CPU
		{A6C356BE-C396-44F7-A0C7-AF4B1D9E2B7A}.Release|Any CPU.ActiveCfg = Release|Any CPU
		{A6C356BE-C396-44F7-A0C7-AF4B1D9E2B7A}.Release|Any CPU.Build.0 = Release|Any CPU
		{A6C356BE-C396-44F7-A0C7-AF4B1D9E2B7A}.Release|x64.ActiveCfg = Release|Any CPU
		{A6C356BE-C396-44F7-A0C7-AF4B1D9E2B7A}.Release|x64.Build.0 = Release|Any CPU
		{A6C356BE-C396-44F7-A0C7-AF4B1D9E2B7A}.Release|x86.ActiveCfg = Release|Any CPU
		{A6C356BE-C396-44F7-A0C7-AF4B1D9E2B7A}.Release|x86.Build.0 = Release|Any CPU
		{AFA73F9F-3D5B-4D6D-A8B2-3EE977F6F8EA}.Debug|Any CPU.ActiveCfg = Debug|Any CPU
		{AFA73F9F-3D5B-4D6D-A8B2-3EE977F6F8EA}.Debug|Any CPU.Build.0 = Debug|Any CPU
		{AFA73F9F-3D5B-4D6D-A8B2-3EE977F6F8EA}.Debug|x64.ActiveCfg = Debug|Any CPU
		{AFA73F9F-3D5B-4D6D-A8B2-3EE977F6F8EA}.Debug|x64.Build.0 = Debug|Any CPU
		{AFA73F9F-3D5B-4D6D-A8B2-3EE977F6F8EA}.Debug|x86.ActiveCfg = Debug|Any CPU
		{AFA73F9F-3D5B-4D6D-A8B2-3EE977F6F8EA}.Debug|x86.Build.0 = Debug|Any CPU
		{AFA73F9F-3D5B-4D6D-A8B2-3EE977F6F8EA}.Release|Any CPU.ActiveCfg = Release|Any CPU
		{AFA73F9F-3D5B-4D6D-A8B2-3EE977F6F8EA}.Release|Any CPU.Build.0 = Release|Any CPU
		{AFA73F9F-3D5B-4D6D-A8B2-3EE977F6F8EA}.Release|x64.ActiveCfg = Release|Any CPU
		{AFA73F9F-3D5B-4D6D-A8B2-3EE977F6F8EA}.Release|x64.Build.0 = Release|Any CPU
		{AFA73F9F-3D5B-4D6D-A8B2-3EE977F6F8EA}.Release|x86.ActiveCfg = Release|Any CPU
		{AFA73F9F-3D5B-4D6D-A8B2-3EE977F6F8EA}.Release|x86.Build.0 = Release|Any CPU
		{B01C6772-A485-4206-BB2E-9FEF8DB42700}.Debug|Any CPU.ActiveCfg = Debug|Any CPU
		{B01C6772-A485-4206-BB2E-9FEF8DB42700}.Debug|Any CPU.Build.0 = Debug|Any CPU
		{B01C6772-A485-4206-BB2E-9FEF8DB42700}.Debug|x64.ActiveCfg = Debug|Any CPU
		{B01C6772-A485-4206-BB2E-9FEF8DB42700}.Debug|x64.Build.0 = Debug|Any CPU
		{B01C6772-A485-4206-BB2E-9FEF8DB42700}.Debug|x86.ActiveCfg = Debug|Any CPU
		{B01C6772-A485-4206-BB2E-9FEF8DB42700}.Debug|x86.Build.0 = Debug|Any CPU
		{B01C6772-A485-4206-BB2E-9FEF8DB42700}.Release|Any CPU.ActiveCfg = Release|Any CPU
		{B01C6772-A485-4206-BB2E-9FEF8DB42700}.Release|Any CPU.Build.0 = Release|Any CPU
		{B01C6772-A485-4206-BB2E-9FEF8DB42700}.Release|x64.ActiveCfg = Release|Any CPU
		{B01C6772-A485-4206-BB2E-9FEF8DB42700}.Release|x64.Build.0 = Release|Any CPU
		{B01C6772-A485-4206-BB2E-9FEF8DB42700}.Release|x86.ActiveCfg = Release|Any CPU
		{B01C6772-A485-4206-BB2E-9FEF8DB42700}.Release|x86.Build.0 = Release|Any CPU
		{586F9CC5-AAB3-46C2-BDD4-DB49B7350B07}.Debug|Any CPU.ActiveCfg = Debug|Any CPU
		{586F9CC5-AAB3-46C2-BDD4-DB49B7350B07}.Debug|Any CPU.Build.0 = Debug|Any CPU
		{586F9CC5-AAB3-46C2-BDD4-DB49B7350B07}.Debug|x64.ActiveCfg = Debug|Any CPU
		{586F9CC5-AAB3-46C2-BDD4-DB49B7350B07}.Debug|x64.Build.0 = Debug|Any CPU
		{586F9CC5-AAB3-46C2-BDD4-DB49B7350B07}.Debug|x86.ActiveCfg = Debug|Any CPU
		{586F9CC5-AAB3-46C2-BDD4-DB49B7350B07}.Debug|x86.Build.0 = Debug|Any CPU
		{586F9CC5-AAB3-46C2-BDD4-DB49B7350B07}.Release|Any CPU.ActiveCfg = Release|Any CPU
		{586F9CC5-AAB3-46C2-BDD4-DB49B7350B07}.Release|Any CPU.Build.0 = Release|Any CPU
		{586F9CC5-AAB3-46C2-BDD4-DB49B7350B07}.Release|x64.ActiveCfg = Release|Any CPU
		{586F9CC5-AAB3-46C2-BDD4-DB49B7350B07}.Release|x64.Build.0 = Release|Any CPU
		{586F9CC5-AAB3-46C2-BDD4-DB49B7350B07}.Release|x86.ActiveCfg = Release|Any CPU
		{586F9CC5-AAB3-46C2-BDD4-DB49B7350B07}.Release|x86.Build.0 = Release|Any CPU
		{0DB26B7C-0A09-4197-97CF-F3F958EAE8DB}.Debug|Any CPU.ActiveCfg = Debug|Any CPU
		{0DB26B7C-0A09-4197-97CF-F3F958EAE8DB}.Debug|Any CPU.Build.0 = Debug|Any CPU
		{0DB26B7C-0A09-4197-97CF-F3F958EAE8DB}.Debug|x64.ActiveCfg = Debug|Any CPU
		{0DB26B7C-0A09-4197-97CF-F3F958EAE8DB}.Debug|x64.Build.0 = Debug|Any CPU
		{0DB26B7C-0A09-4197-97CF-F3F958EAE8DB}.Debug|x86.ActiveCfg = Debug|Any CPU
		{0DB26B7C-0A09-4197-97CF-F3F958EAE8DB}.Debug|x86.Build.0 = Debug|Any CPU
		{0DB26B7C-0A09-4197-97CF-F3F958EAE8DB}.Release|Any CPU.ActiveCfg = Release|Any CPU
		{0DB26B7C-0A09-4197-97CF-F3F958EAE8DB}.Release|Any CPU.Build.0 = Release|Any CPU
		{0DB26B7C-0A09-4197-97CF-F3F958EAE8DB}.Release|x64.ActiveCfg = Release|Any CPU
		{0DB26B7C-0A09-4197-97CF-F3F958EAE8DB}.Release|x64.Build.0 = Release|Any CPU
		{0DB26B7C-0A09-4197-97CF-F3F958EAE8DB}.Release|x86.ActiveCfg = Release|Any CPU
		{0DB26B7C-0A09-4197-97CF-F3F958EAE8DB}.Release|x86.Build.0 = Release|Any CPU
		{02585FFD-52FE-4C06-9F47-FF54B1AB96AA}.Debug|Any CPU.ActiveCfg = Debug|Any CPU
		{02585FFD-52FE-4C06-9F47-FF54B1AB96AA}.Debug|Any CPU.Build.0 = Debug|Any CPU
		{02585FFD-52FE-4C06-9F47-FF54B1AB96AA}.Debug|x64.ActiveCfg = Debug|Any CPU
		{02585FFD-52FE-4C06-9F47-FF54B1AB96AA}.Debug|x64.Build.0 = Debug|Any CPU
		{02585FFD-52FE-4C06-9F47-FF54B1AB96AA}.Debug|x86.ActiveCfg = Debug|Any CPU
		{02585FFD-52FE-4C06-9F47-FF54B1AB96AA}.Debug|x86.Build.0 = Debug|Any CPU
		{02585FFD-52FE-4C06-9F47-FF54B1AB96AA}.Release|Any CPU.ActiveCfg = Release|Any CPU
		{02585FFD-52FE-4C06-9F47-FF54B1AB96AA}.Release|Any CPU.Build.0 = Release|Any CPU
		{02585FFD-52FE-4C06-9F47-FF54B1AB96AA}.Release|x64.ActiveCfg = Release|Any CPU
		{02585FFD-52FE-4C06-9F47-FF54B1AB96AA}.Release|x64.Build.0 = Release|Any CPU
		{02585FFD-52FE-4C06-9F47-FF54B1AB96AA}.Release|x86.ActiveCfg = Release|Any CPU
		{02585FFD-52FE-4C06-9F47-FF54B1AB96AA}.Release|x86.Build.0 = Release|Any CPU
		{34395AB8-6FB4-4AE1-AA6E-DF154353EBD7}.Debug|Any CPU.ActiveCfg = Debug|Any CPU
		{34395AB8-6FB4-4AE1-AA6E-DF154353EBD7}.Debug|Any CPU.Build.0 = Debug|Any CPU
		{34395AB8-6FB4-4AE1-AA6E-DF154353EBD7}.Debug|x64.ActiveCfg = Debug|Any CPU
		{34395AB8-6FB4-4AE1-AA6E-DF154353EBD7}.Debug|x64.Build.0 = Debug|Any CPU
		{34395AB8-6FB4-4AE1-AA6E-DF154353EBD7}.Debug|x86.ActiveCfg = Debug|Any CPU
		{34395AB8-6FB4-4AE1-AA6E-DF154353EBD7}.Debug|x86.Build.0 = Debug|Any CPU
		{34395AB8-6FB4-4AE1-AA6E-DF154353EBD7}.Release|Any CPU.ActiveCfg = Release|Any CPU
		{34395AB8-6FB4-4AE1-AA6E-DF154353EBD7}.Release|Any CPU.Build.0 = Release|Any CPU
		{34395AB8-6FB4-4AE1-AA6E-DF154353EBD7}.Release|x64.ActiveCfg = Release|Any CPU
		{34395AB8-6FB4-4AE1-AA6E-DF154353EBD7}.Release|x64.Build.0 = Release|Any CPU
		{34395AB8-6FB4-4AE1-AA6E-DF154353EBD7}.Release|x86.ActiveCfg = Release|Any CPU
		{34395AB8-6FB4-4AE1-AA6E-DF154353EBD7}.Release|x86.Build.0 = Release|Any CPU
		{911AC7FD-FCD5-4FD8-9D5F-975AAD63992E}.Debug|Any CPU.ActiveCfg = Debug|Any CPU
		{911AC7FD-FCD5-4FD8-9D5F-975AAD63992E}.Debug|Any CPU.Build.0 = Debug|Any CPU
		{911AC7FD-FCD5-4FD8-9D5F-975AAD63992E}.Debug|x64.ActiveCfg = Debug|Any CPU
		{911AC7FD-FCD5-4FD8-9D5F-975AAD63992E}.Debug|x64.Build.0 = Debug|Any CPU
		{911AC7FD-FCD5-4FD8-9D5F-975AAD63992E}.Debug|x86.ActiveCfg = Debug|Any CPU
		{911AC7FD-FCD5-4FD8-9D5F-975AAD63992E}.Debug|x86.Build.0 = Debug|Any CPU
		{911AC7FD-FCD5-4FD8-9D5F-975AAD63992E}.Release|Any CPU.ActiveCfg = Release|Any CPU
		{911AC7FD-FCD5-4FD8-9D5F-975AAD63992E}.Release|Any CPU.Build.0 = Release|Any CPU
		{911AC7FD-FCD5-4FD8-9D5F-975AAD63992E}.Release|x64.ActiveCfg = Release|Any CPU
		{911AC7FD-FCD5-4FD8-9D5F-975AAD63992E}.Release|x64.Build.0 = Release|Any CPU
		{911AC7FD-FCD5-4FD8-9D5F-975AAD63992E}.Release|x86.ActiveCfg = Release|Any CPU
		{911AC7FD-FCD5-4FD8-9D5F-975AAD63992E}.Release|x86.Build.0 = Release|Any CPU
		{AC23AD4C-0C60-4AB9-AFD3-427A21E7660D}.Debug|Any CPU.ActiveCfg = Debug|Any CPU
		{AC23AD4C-0C60-4AB9-AFD3-427A21E7660D}.Debug|Any CPU.Build.0 = Debug|Any CPU
		{AC23AD4C-0C60-4AB9-AFD3-427A21E7660D}.Debug|x64.ActiveCfg = Debug|Any CPU
		{AC23AD4C-0C60-4AB9-AFD3-427A21E7660D}.Debug|x64.Build.0 = Debug|Any CPU
		{AC23AD4C-0C60-4AB9-AFD3-427A21E7660D}.Debug|x86.ActiveCfg = Debug|Any CPU
		{AC23AD4C-0C60-4AB9-AFD3-427A21E7660D}.Debug|x86.Build.0 = Debug|Any CPU
		{AC23AD4C-0C60-4AB9-AFD3-427A21E7660D}.Release|Any CPU.ActiveCfg = Release|Any CPU
		{AC23AD4C-0C60-4AB9-AFD3-427A21E7660D}.Release|Any CPU.Build.0 = Release|Any CPU
		{AC23AD4C-0C60-4AB9-AFD3-427A21E7660D}.Release|x64.ActiveCfg = Release|Any CPU
		{AC23AD4C-0C60-4AB9-AFD3-427A21E7660D}.Release|x64.Build.0 = Release|Any CPU
		{AC23AD4C-0C60-4AB9-AFD3-427A21E7660D}.Release|x86.ActiveCfg = Release|Any CPU
		{AC23AD4C-0C60-4AB9-AFD3-427A21E7660D}.Release|x86.Build.0 = Release|Any CPU
		{A091AEA1-D66C-4B7E-9CDD-32FB7F3F3AA6}.Debug|Any CPU.ActiveCfg = Debug|Any CPU
		{A091AEA1-D66C-4B7E-9CDD-32FB7F3F3AA6}.Debug|Any CPU.Build.0 = Debug|Any CPU
		{A091AEA1-D66C-4B7E-9CDD-32FB7F3F3AA6}.Debug|x64.ActiveCfg = Debug|Any CPU
		{A091AEA1-D66C-4B7E-9CDD-32FB7F3F3AA6}.Debug|x64.Build.0 = Debug|Any CPU
		{A091AEA1-D66C-4B7E-9CDD-32FB7F3F3AA6}.Debug|x86.ActiveCfg = Debug|Any CPU
		{A091AEA1-D66C-4B7E-9CDD-32FB7F3F3AA6}.Debug|x86.Build.0 = Debug|Any CPU
		{A091AEA1-D66C-4B7E-9CDD-32FB7F3F3AA6}.Release|Any CPU.ActiveCfg = Release|Any CPU
		{A091AEA1-D66C-4B7E-9CDD-32FB7F3F3AA6}.Release|Any CPU.Build.0 = Release|Any CPU
		{A091AEA1-D66C-4B7E-9CDD-32FB7F3F3AA6}.Release|x64.ActiveCfg = Release|Any CPU
		{A091AEA1-D66C-4B7E-9CDD-32FB7F3F3AA6}.Release|x64.Build.0 = Release|Any CPU
		{A091AEA1-D66C-4B7E-9CDD-32FB7F3F3AA6}.Release|x86.ActiveCfg = Release|Any CPU
		{A091AEA1-D66C-4B7E-9CDD-32FB7F3F3AA6}.Release|x86.Build.0 = Release|Any CPU
		{174E8133-6D6D-4236-85B6-617D3D217389}.Debug|Any CPU.ActiveCfg = Debug|Any CPU
		{174E8133-6D6D-4236-85B6-617D3D217389}.Debug|Any CPU.Build.0 = Debug|Any CPU
		{174E8133-6D6D-4236-85B6-617D3D217389}.Debug|x64.ActiveCfg = Debug|Any CPU
		{174E8133-6D6D-4236-85B6-617D3D217389}.Debug|x64.Build.0 = Debug|Any CPU
		{174E8133-6D6D-4236-85B6-617D3D217389}.Debug|x86.ActiveCfg = Debug|Any CPU
		{174E8133-6D6D-4236-85B6-617D3D217389}.Debug|x86.Build.0 = Debug|Any CPU
		{174E8133-6D6D-4236-85B6-617D3D217389}.Release|Any CPU.ActiveCfg = Release|Any CPU
		{174E8133-6D6D-4236-85B6-617D3D217389}.Release|Any CPU.Build.0 = Release|Any CPU
		{174E8133-6D6D-4236-85B6-617D3D217389}.Release|x64.ActiveCfg = Release|Any CPU
		{174E8133-6D6D-4236-85B6-617D3D217389}.Release|x64.Build.0 = Release|Any CPU
		{174E8133-6D6D-4236-85B6-617D3D217389}.Release|x86.ActiveCfg = Release|Any CPU
		{174E8133-6D6D-4236-85B6-617D3D217389}.Release|x86.Build.0 = Release|Any CPU
		{B57B65FB-874B-4890-9315-8CE82319582A}.Debug|Any CPU.ActiveCfg = Debug|Any CPU
		{B57B65FB-874B-4890-9315-8CE82319582A}.Debug|Any CPU.Build.0 = Debug|Any CPU
		{B57B65FB-874B-4890-9315-8CE82319582A}.Debug|x64.ActiveCfg = Debug|Any CPU
		{B57B65FB-874B-4890-9315-8CE82319582A}.Debug|x64.Build.0 = Debug|Any CPU
		{B57B65FB-874B-4890-9315-8CE82319582A}.Debug|x86.ActiveCfg = Debug|Any CPU
		{B57B65FB-874B-4890-9315-8CE82319582A}.Debug|x86.Build.0 = Debug|Any CPU
		{B57B65FB-874B-4890-9315-8CE82319582A}.Release|Any CPU.ActiveCfg = Release|Any CPU
		{B57B65FB-874B-4890-9315-8CE82319582A}.Release|Any CPU.Build.0 = Release|Any CPU
		{B57B65FB-874B-4890-9315-8CE82319582A}.Release|x64.ActiveCfg = Release|Any CPU
		{B57B65FB-874B-4890-9315-8CE82319582A}.Release|x64.Build.0 = Release|Any CPU
		{B57B65FB-874B-4890-9315-8CE82319582A}.Release|x86.ActiveCfg = Release|Any CPU
		{B57B65FB-874B-4890-9315-8CE82319582A}.Release|x86.Build.0 = Release|Any CPU
		{CE2C0752-06D7-4DA7-BF7E-6B72FF5959DD}.Debug|Any CPU.ActiveCfg = Debug|Any CPU
		{CE2C0752-06D7-4DA7-BF7E-6B72FF5959DD}.Debug|Any CPU.Build.0 = Debug|Any CPU
		{CE2C0752-06D7-4DA7-BF7E-6B72FF5959DD}.Debug|x64.ActiveCfg = Debug|Any CPU
		{CE2C0752-06D7-4DA7-BF7E-6B72FF5959DD}.Debug|x64.Build.0 = Debug|Any CPU
		{CE2C0752-06D7-4DA7-BF7E-6B72FF5959DD}.Debug|x86.ActiveCfg = Debug|Any CPU
		{CE2C0752-06D7-4DA7-BF7E-6B72FF5959DD}.Debug|x86.Build.0 = Debug|Any CPU
		{CE2C0752-06D7-4DA7-BF7E-6B72FF5959DD}.Release|Any CPU.ActiveCfg = Release|Any CPU
		{CE2C0752-06D7-4DA7-BF7E-6B72FF5959DD}.Release|Any CPU.Build.0 = Release|Any CPU
		{CE2C0752-06D7-4DA7-BF7E-6B72FF5959DD}.Release|x64.ActiveCfg = Release|Any CPU
		{CE2C0752-06D7-4DA7-BF7E-6B72FF5959DD}.Release|x64.Build.0 = Release|Any CPU
		{CE2C0752-06D7-4DA7-BF7E-6B72FF5959DD}.Release|x86.ActiveCfg = Release|Any CPU
		{CE2C0752-06D7-4DA7-BF7E-6B72FF5959DD}.Release|x86.Build.0 = Release|Any CPU
		{33024B36-3300-44B8-95BC-36B9A2624E2F}.Debug|Any CPU.ActiveCfg = Debug|Any CPU
		{33024B36-3300-44B8-95BC-36B9A2624E2F}.Debug|Any CPU.Build.0 = Debug|Any CPU
		{33024B36-3300-44B8-95BC-36B9A2624E2F}.Debug|x64.ActiveCfg = Debug|Any CPU
		{33024B36-3300-44B8-95BC-36B9A2624E2F}.Debug|x64.Build.0 = Debug|Any CPU
		{33024B36-3300-44B8-95BC-36B9A2624E2F}.Debug|x86.ActiveCfg = Debug|Any CPU
		{33024B36-3300-44B8-95BC-36B9A2624E2F}.Debug|x86.Build.0 = Debug|Any CPU
		{33024B36-3300-44B8-95BC-36B9A2624E2F}.Release|Any CPU.ActiveCfg = Release|Any CPU
		{33024B36-3300-44B8-95BC-36B9A2624E2F}.Release|Any CPU.Build.0 = Release|Any CPU
		{33024B36-3300-44B8-95BC-36B9A2624E2F}.Release|x64.ActiveCfg = Release|Any CPU
		{33024B36-3300-44B8-95BC-36B9A2624E2F}.Release|x64.Build.0 = Release|Any CPU
		{33024B36-3300-44B8-95BC-36B9A2624E2F}.Release|x86.ActiveCfg = Release|Any CPU
		{33024B36-3300-44B8-95BC-36B9A2624E2F}.Release|x86.Build.0 = Release|Any CPU
		{7815950D-A6AC-45F7-9D19-6CA252008E8C}.Debug|Any CPU.ActiveCfg = Debug|Any CPU
		{7815950D-A6AC-45F7-9D19-6CA252008E8C}.Debug|Any CPU.Build.0 = Debug|Any CPU
		{7815950D-A6AC-45F7-9D19-6CA252008E8C}.Debug|x64.ActiveCfg = Debug|Any CPU
		{7815950D-A6AC-45F7-9D19-6CA252008E8C}.Debug|x64.Build.0 = Debug|Any CPU
		{7815950D-A6AC-45F7-9D19-6CA252008E8C}.Debug|x86.ActiveCfg = Debug|Any CPU
		{7815950D-A6AC-45F7-9D19-6CA252008E8C}.Debug|x86.Build.0 = Debug|Any CPU
		{7815950D-A6AC-45F7-9D19-6CA252008E8C}.Release|Any CPU.ActiveCfg = Release|Any CPU
		{7815950D-A6AC-45F7-9D19-6CA252008E8C}.Release|Any CPU.Build.0 = Release|Any CPU
		{7815950D-A6AC-45F7-9D19-6CA252008E8C}.Release|x64.ActiveCfg = Release|Any CPU
		{7815950D-A6AC-45F7-9D19-6CA252008E8C}.Release|x64.Build.0 = Release|Any CPU
		{7815950D-A6AC-45F7-9D19-6CA252008E8C}.Release|x86.ActiveCfg = Release|Any CPU
		{7815950D-A6AC-45F7-9D19-6CA252008E8C}.Release|x86.Build.0 = Release|Any CPU
		{8822F62B-FC17-4107-90BA-57FF41BC270E}.Debug|Any CPU.ActiveCfg = Debug|Any CPU
		{8822F62B-FC17-4107-90BA-57FF41BC270E}.Debug|Any CPU.Build.0 = Debug|Any CPU
		{8822F62B-FC17-4107-90BA-57FF41BC270E}.Debug|x64.ActiveCfg = Debug|Any CPU
		{8822F62B-FC17-4107-90BA-57FF41BC270E}.Debug|x64.Build.0 = Debug|Any CPU
		{8822F62B-FC17-4107-90BA-57FF41BC270E}.Debug|x86.ActiveCfg = Debug|Any CPU
		{8822F62B-FC17-4107-90BA-57FF41BC270E}.Debug|x86.Build.0 = Debug|Any CPU
		{8822F62B-FC17-4107-90BA-57FF41BC270E}.Release|Any CPU.ActiveCfg = Release|Any CPU
		{8822F62B-FC17-4107-90BA-57FF41BC270E}.Release|Any CPU.Build.0 = Release|Any CPU
		{8822F62B-FC17-4107-90BA-57FF41BC270E}.Release|x64.ActiveCfg = Release|Any CPU
		{8822F62B-FC17-4107-90BA-57FF41BC270E}.Release|x64.Build.0 = Release|Any CPU
		{8822F62B-FC17-4107-90BA-57FF41BC270E}.Release|x86.ActiveCfg = Release|Any CPU
		{8822F62B-FC17-4107-90BA-57FF41BC270E}.Release|x86.Build.0 = Release|Any CPU
		{4872AD2E-D302-457E-8AB8-E52CB49C4776}.Debug|Any CPU.ActiveCfg = Debug|Any CPU
		{4872AD2E-D302-457E-8AB8-E52CB49C4776}.Debug|Any CPU.Build.0 = Debug|Any CPU
		{4872AD2E-D302-457E-8AB8-E52CB49C4776}.Debug|x64.ActiveCfg = Debug|Any CPU
		{4872AD2E-D302-457E-8AB8-E52CB49C4776}.Debug|x64.Build.0 = Debug|Any CPU
		{4872AD2E-D302-457E-8AB8-E52CB49C4776}.Debug|x86.ActiveCfg = Debug|Any CPU
		{4872AD2E-D302-457E-8AB8-E52CB49C4776}.Debug|x86.Build.0 = Debug|Any CPU
		{4872AD2E-D302-457E-8AB8-E52CB49C4776}.Release|Any CPU.ActiveCfg = Release|Any CPU
		{4872AD2E-D302-457E-8AB8-E52CB49C4776}.Release|Any CPU.Build.0 = Release|Any CPU
		{4872AD2E-D302-457E-8AB8-E52CB49C4776}.Release|x64.ActiveCfg = Release|Any CPU
		{4872AD2E-D302-457E-8AB8-E52CB49C4776}.Release|x64.Build.0 = Release|Any CPU
		{4872AD2E-D302-457E-8AB8-E52CB49C4776}.Release|x86.ActiveCfg = Release|Any CPU
		{4872AD2E-D302-457E-8AB8-E52CB49C4776}.Release|x86.Build.0 = Release|Any CPU
		{A0F51E5F-429D-407A-A73E-1C71FC184045}.Debug|Any CPU.ActiveCfg = Debug|Any CPU
		{A0F51E5F-429D-407A-A73E-1C71FC184045}.Debug|Any CPU.Build.0 = Debug|Any CPU
		{A0F51E5F-429D-407A-A73E-1C71FC184045}.Debug|x64.ActiveCfg = Debug|Any CPU
		{A0F51E5F-429D-407A-A73E-1C71FC184045}.Debug|x64.Build.0 = Debug|Any CPU
		{A0F51E5F-429D-407A-A73E-1C71FC184045}.Debug|x86.ActiveCfg = Debug|Any CPU
		{A0F51E5F-429D-407A-A73E-1C71FC184045}.Debug|x86.Build.0 = Debug|Any CPU
		{A0F51E5F-429D-407A-A73E-1C71FC184045}.Release|Any CPU.ActiveCfg = Release|Any CPU
		{A0F51E5F-429D-407A-A73E-1C71FC184045}.Release|Any CPU.Build.0 = Release|Any CPU
		{A0F51E5F-429D-407A-A73E-1C71FC184045}.Release|x64.ActiveCfg = Release|Any CPU
		{A0F51E5F-429D-407A-A73E-1C71FC184045}.Release|x64.Build.0 = Release|Any CPU
		{A0F51E5F-429D-407A-A73E-1C71FC184045}.Release|x86.ActiveCfg = Release|Any CPU
		{A0F51E5F-429D-407A-A73E-1C71FC184045}.Release|x86.Build.0 = Release|Any CPU
		{85F3665D-E895-4754-8F86-47EB19CEB4E8}.Debug|Any CPU.ActiveCfg = Debug|Any CPU
		{85F3665D-E895-4754-8F86-47EB19CEB4E8}.Debug|Any CPU.Build.0 = Debug|Any CPU
		{85F3665D-E895-4754-8F86-47EB19CEB4E8}.Debug|x64.ActiveCfg = Debug|Any CPU
		{85F3665D-E895-4754-8F86-47EB19CEB4E8}.Debug|x64.Build.0 = Debug|Any CPU
		{85F3665D-E895-4754-8F86-47EB19CEB4E8}.Debug|x86.ActiveCfg = Debug|Any CPU
		{85F3665D-E895-4754-8F86-47EB19CEB4E8}.Debug|x86.Build.0 = Debug|Any CPU
		{85F3665D-E895-4754-8F86-47EB19CEB4E8}.Release|Any CPU.ActiveCfg = Release|Any CPU
		{85F3665D-E895-4754-8F86-47EB19CEB4E8}.Release|Any CPU.Build.0 = Release|Any CPU
		{85F3665D-E895-4754-8F86-47EB19CEB4E8}.Release|x64.ActiveCfg = Release|Any CPU
		{85F3665D-E895-4754-8F86-47EB19CEB4E8}.Release|x64.Build.0 = Release|Any CPU
		{85F3665D-E895-4754-8F86-47EB19CEB4E8}.Release|x86.ActiveCfg = Release|Any CPU
		{85F3665D-E895-4754-8F86-47EB19CEB4E8}.Release|x86.Build.0 = Release|Any CPU
		{7B197379-4C51-471A-83E2-EEFBAD6812F2}.Debug|Any CPU.ActiveCfg = Debug|Any CPU
		{7B197379-4C51-471A-83E2-EEFBAD6812F2}.Debug|Any CPU.Build.0 = Debug|Any CPU
		{7B197379-4C51-471A-83E2-EEFBAD6812F2}.Debug|x64.ActiveCfg = Debug|Any CPU
		{7B197379-4C51-471A-83E2-EEFBAD6812F2}.Debug|x64.Build.0 = Debug|Any CPU
		{7B197379-4C51-471A-83E2-EEFBAD6812F2}.Debug|x86.ActiveCfg = Debug|Any CPU
		{7B197379-4C51-471A-83E2-EEFBAD6812F2}.Debug|x86.Build.0 = Debug|Any CPU
		{7B197379-4C51-471A-83E2-EEFBAD6812F2}.Release|Any CPU.ActiveCfg = Release|Any CPU
		{7B197379-4C51-471A-83E2-EEFBAD6812F2}.Release|Any CPU.Build.0 = Release|Any CPU
		{7B197379-4C51-471A-83E2-EEFBAD6812F2}.Release|x64.ActiveCfg = Release|Any CPU
		{7B197379-4C51-471A-83E2-EEFBAD6812F2}.Release|x64.Build.0 = Release|Any CPU
		{7B197379-4C51-471A-83E2-EEFBAD6812F2}.Release|x86.ActiveCfg = Release|Any CPU
		{7B197379-4C51-471A-83E2-EEFBAD6812F2}.Release|x86.Build.0 = Release|Any CPU
		{2F2E8EEA-D628-4E67-9705-6DE75844FA15}.Debug|Any CPU.ActiveCfg = Debug|Any CPU
		{2F2E8EEA-D628-4E67-9705-6DE75844FA15}.Debug|Any CPU.Build.0 = Debug|Any CPU
		{2F2E8EEA-D628-4E67-9705-6DE75844FA15}.Debug|x64.ActiveCfg = Debug|Any CPU
		{2F2E8EEA-D628-4E67-9705-6DE75844FA15}.Debug|x64.Build.0 = Debug|Any CPU
		{2F2E8EEA-D628-4E67-9705-6DE75844FA15}.Debug|x86.ActiveCfg = Debug|Any CPU
		{2F2E8EEA-D628-4E67-9705-6DE75844FA15}.Debug|x86.Build.0 = Debug|Any CPU
		{2F2E8EEA-D628-4E67-9705-6DE75844FA15}.Release|Any CPU.ActiveCfg = Release|Any CPU
		{2F2E8EEA-D628-4E67-9705-6DE75844FA15}.Release|Any CPU.Build.0 = Release|Any CPU
		{2F2E8EEA-D628-4E67-9705-6DE75844FA15}.Release|x64.ActiveCfg = Release|Any CPU
		{2F2E8EEA-D628-4E67-9705-6DE75844FA15}.Release|x64.Build.0 = Release|Any CPU
		{2F2E8EEA-D628-4E67-9705-6DE75844FA15}.Release|x86.ActiveCfg = Release|Any CPU
		{2F2E8EEA-D628-4E67-9705-6DE75844FA15}.Release|x86.Build.0 = Release|Any CPU
		{1C46C78C-CEA2-46D3-8C6C-64397523E840}.Debug|Any CPU.ActiveCfg = Debug|Any CPU
		{1C46C78C-CEA2-46D3-8C6C-64397523E840}.Debug|Any CPU.Build.0 = Debug|Any CPU
		{1C46C78C-CEA2-46D3-8C6C-64397523E840}.Debug|x64.ActiveCfg = Debug|Any CPU
		{1C46C78C-CEA2-46D3-8C6C-64397523E840}.Debug|x64.Build.0 = Debug|Any CPU
		{1C46C78C-CEA2-46D3-8C6C-64397523E840}.Debug|x86.ActiveCfg = Debug|Any CPU
		{1C46C78C-CEA2-46D3-8C6C-64397523E840}.Debug|x86.Build.0 = Debug|Any CPU
		{1C46C78C-CEA2-46D3-8C6C-64397523E840}.Release|Any CPU.ActiveCfg = Release|Any CPU
		{1C46C78C-CEA2-46D3-8C6C-64397523E840}.Release|Any CPU.Build.0 = Release|Any CPU
		{1C46C78C-CEA2-46D3-8C6C-64397523E840}.Release|x64.ActiveCfg = Release|Any CPU
		{1C46C78C-CEA2-46D3-8C6C-64397523E840}.Release|x64.Build.0 = Release|Any CPU
		{1C46C78C-CEA2-46D3-8C6C-64397523E840}.Release|x86.ActiveCfg = Release|Any CPU
		{1C46C78C-CEA2-46D3-8C6C-64397523E840}.Release|x86.Build.0 = Release|Any CPU
		{C325CD48-499F-4C7F-B2F9-03C38544F06E}.Debug|Any CPU.ActiveCfg = Debug|Any CPU
		{C325CD48-499F-4C7F-B2F9-03C38544F06E}.Debug|Any CPU.Build.0 = Debug|Any CPU
		{C325CD48-499F-4C7F-B2F9-03C38544F06E}.Debug|x64.ActiveCfg = Debug|Any CPU
		{C325CD48-499F-4C7F-B2F9-03C38544F06E}.Debug|x64.Build.0 = Debug|Any CPU
		{C325CD48-499F-4C7F-B2F9-03C38544F06E}.Debug|x86.ActiveCfg = Debug|Any CPU
		{C325CD48-499F-4C7F-B2F9-03C38544F06E}.Debug|x86.Build.0 = Debug|Any CPU
		{C325CD48-499F-4C7F-B2F9-03C38544F06E}.Release|Any CPU.ActiveCfg = Release|Any CPU
		{C325CD48-499F-4C7F-B2F9-03C38544F06E}.Release|Any CPU.Build.0 = Release|Any CPU
		{C325CD48-499F-4C7F-B2F9-03C38544F06E}.Release|x64.ActiveCfg = Release|Any CPU
		{C325CD48-499F-4C7F-B2F9-03C38544F06E}.Release|x64.Build.0 = Release|Any CPU
		{C325CD48-499F-4C7F-B2F9-03C38544F06E}.Release|x86.ActiveCfg = Release|Any CPU
		{C325CD48-499F-4C7F-B2F9-03C38544F06E}.Release|x86.Build.0 = Release|Any CPU
		{1DF13E3E-E7CC-4FC0-8123-C40AB73141BB}.Debug|Any CPU.ActiveCfg = Debug|Any CPU
		{1DF13E3E-E7CC-4FC0-8123-C40AB73141BB}.Debug|Any CPU.Build.0 = Debug|Any CPU
		{1DF13E3E-E7CC-4FC0-8123-C40AB73141BB}.Debug|x64.ActiveCfg = Debug|Any CPU
		{1DF13E3E-E7CC-4FC0-8123-C40AB73141BB}.Debug|x64.Build.0 = Debug|Any CPU
		{1DF13E3E-E7CC-4FC0-8123-C40AB73141BB}.Debug|x86.ActiveCfg = Debug|Any CPU
		{1DF13E3E-E7CC-4FC0-8123-C40AB73141BB}.Debug|x86.Build.0 = Debug|Any CPU
		{1DF13E3E-E7CC-4FC0-8123-C40AB73141BB}.Release|Any CPU.ActiveCfg = Release|Any CPU
		{1DF13E3E-E7CC-4FC0-8123-C40AB73141BB}.Release|Any CPU.Build.0 = Release|Any CPU
		{1DF13E3E-E7CC-4FC0-8123-C40AB73141BB}.Release|x64.ActiveCfg = Release|Any CPU
		{1DF13E3E-E7CC-4FC0-8123-C40AB73141BB}.Release|x64.Build.0 = Release|Any CPU
		{1DF13E3E-E7CC-4FC0-8123-C40AB73141BB}.Release|x86.ActiveCfg = Release|Any CPU
		{1DF13E3E-E7CC-4FC0-8123-C40AB73141BB}.Release|x86.Build.0 = Release|Any CPU
		{2B68E071-9CD5-4E92-95FC-7342B1883F05}.Debug|Any CPU.ActiveCfg = Debug|Any CPU
		{2B68E071-9CD5-4E92-95FC-7342B1883F05}.Debug|Any CPU.Build.0 = Debug|Any CPU
		{2B68E071-9CD5-4E92-95FC-7342B1883F05}.Debug|x64.ActiveCfg = Debug|Any CPU
		{2B68E071-9CD5-4E92-95FC-7342B1883F05}.Debug|x64.Build.0 = Debug|Any CPU
		{2B68E071-9CD5-4E92-95FC-7342B1883F05}.Debug|x86.ActiveCfg = Debug|Any CPU
		{2B68E071-9CD5-4E92-95FC-7342B1883F05}.Debug|x86.Build.0 = Debug|Any CPU
		{2B68E071-9CD5-4E92-95FC-7342B1883F05}.Release|Any CPU.ActiveCfg = Release|Any CPU
		{2B68E071-9CD5-4E92-95FC-7342B1883F05}.Release|Any CPU.Build.0 = Release|Any CPU
		{2B68E071-9CD5-4E92-95FC-7342B1883F05}.Release|x64.ActiveCfg = Release|Any CPU
		{2B68E071-9CD5-4E92-95FC-7342B1883F05}.Release|x64.Build.0 = Release|Any CPU
		{2B68E071-9CD5-4E92-95FC-7342B1883F05}.Release|x86.ActiveCfg = Release|Any CPU
		{2B68E071-9CD5-4E92-95FC-7342B1883F05}.Release|x86.Build.0 = Release|Any CPU
		{0B8C1D7D-C76D-4A9F-9676-19CA9822B204}.Debug|Any CPU.ActiveCfg = Debug|Any CPU
		{0B8C1D7D-C76D-4A9F-9676-19CA9822B204}.Debug|Any CPU.Build.0 = Debug|Any CPU
		{0B8C1D7D-C76D-4A9F-9676-19CA9822B204}.Debug|x64.ActiveCfg = Debug|Any CPU
		{0B8C1D7D-C76D-4A9F-9676-19CA9822B204}.Debug|x64.Build.0 = Debug|Any CPU
		{0B8C1D7D-C76D-4A9F-9676-19CA9822B204}.Debug|x86.ActiveCfg = Debug|Any CPU
		{0B8C1D7D-C76D-4A9F-9676-19CA9822B204}.Debug|x86.Build.0 = Debug|Any CPU
		{0B8C1D7D-C76D-4A9F-9676-19CA9822B204}.Release|Any CPU.ActiveCfg = Release|Any CPU
		{0B8C1D7D-C76D-4A9F-9676-19CA9822B204}.Release|Any CPU.Build.0 = Release|Any CPU
		{0B8C1D7D-C76D-4A9F-9676-19CA9822B204}.Release|x64.ActiveCfg = Release|Any CPU
		{0B8C1D7D-C76D-4A9F-9676-19CA9822B204}.Release|x64.Build.0 = Release|Any CPU
		{0B8C1D7D-C76D-4A9F-9676-19CA9822B204}.Release|x86.ActiveCfg = Release|Any CPU
		{0B8C1D7D-C76D-4A9F-9676-19CA9822B204}.Release|x86.Build.0 = Release|Any CPU
		{14F3779D-553C-48C5-AF3B-55BA663F6A8B}.Debug|Any CPU.ActiveCfg = Debug|Any CPU
		{14F3779D-553C-48C5-AF3B-55BA663F6A8B}.Debug|Any CPU.Build.0 = Debug|Any CPU
		{14F3779D-553C-48C5-AF3B-55BA663F6A8B}.Debug|x64.ActiveCfg = Debug|Any CPU
		{14F3779D-553C-48C5-AF3B-55BA663F6A8B}.Debug|x64.Build.0 = Debug|Any CPU
		{14F3779D-553C-48C5-AF3B-55BA663F6A8B}.Debug|x86.ActiveCfg = Debug|Any CPU
		{14F3779D-553C-48C5-AF3B-55BA663F6A8B}.Debug|x86.Build.0 = Debug|Any CPU
		{14F3779D-553C-48C5-AF3B-55BA663F6A8B}.Release|Any CPU.ActiveCfg = Release|Any CPU
		{14F3779D-553C-48C5-AF3B-55BA663F6A8B}.Release|Any CPU.Build.0 = Release|Any CPU
		{14F3779D-553C-48C5-AF3B-55BA663F6A8B}.Release|x64.ActiveCfg = Release|Any CPU
		{14F3779D-553C-48C5-AF3B-55BA663F6A8B}.Release|x64.Build.0 = Release|Any CPU
		{14F3779D-553C-48C5-AF3B-55BA663F6A8B}.Release|x86.ActiveCfg = Release|Any CPU
		{14F3779D-553C-48C5-AF3B-55BA663F6A8B}.Release|x86.Build.0 = Release|Any CPU
		{B25C657A-E874-44C8-A96B-DC2BD4D84705}.Debug|Any CPU.ActiveCfg = Debug|Any CPU
		{B25C657A-E874-44C8-A96B-DC2BD4D84705}.Debug|Any CPU.Build.0 = Debug|Any CPU
		{B25C657A-E874-44C8-A96B-DC2BD4D84705}.Debug|x64.ActiveCfg = Debug|Any CPU
		{B25C657A-E874-44C8-A96B-DC2BD4D84705}.Debug|x64.Build.0 = Debug|Any CPU
		{B25C657A-E874-44C8-A96B-DC2BD4D84705}.Debug|x86.ActiveCfg = Debug|Any CPU
		{B25C657A-E874-44C8-A96B-DC2BD4D84705}.Debug|x86.Build.0 = Debug|Any CPU
		{B25C657A-E874-44C8-A96B-DC2BD4D84705}.Release|Any CPU.ActiveCfg = Release|Any CPU
		{B25C657A-E874-44C8-A96B-DC2BD4D84705}.Release|Any CPU.Build.0 = Release|Any CPU
		{B25C657A-E874-44C8-A96B-DC2BD4D84705}.Release|x64.ActiveCfg = Release|Any CPU
		{B25C657A-E874-44C8-A96B-DC2BD4D84705}.Release|x64.Build.0 = Release|Any CPU
		{B25C657A-E874-44C8-A96B-DC2BD4D84705}.Release|x86.ActiveCfg = Release|Any CPU
		{B25C657A-E874-44C8-A96B-DC2BD4D84705}.Release|x86.Build.0 = Release|Any CPU
		{66FB5739-4EF4-4F20-B5F1-8EC7D8ECBEDF}.Debug|Any CPU.ActiveCfg = Debug|Any CPU
		{66FB5739-4EF4-4F20-B5F1-8EC7D8ECBEDF}.Debug|Any CPU.Build.0 = Debug|Any CPU
		{66FB5739-4EF4-4F20-B5F1-8EC7D8ECBEDF}.Debug|x64.ActiveCfg = Debug|Any CPU
		{66FB5739-4EF4-4F20-B5F1-8EC7D8ECBEDF}.Debug|x64.Build.0 = Debug|Any CPU
		{66FB5739-4EF4-4F20-B5F1-8EC7D8ECBEDF}.Debug|x86.ActiveCfg = Debug|Any CPU
		{66FB5739-4EF4-4F20-B5F1-8EC7D8ECBEDF}.Debug|x86.Build.0 = Debug|Any CPU
		{66FB5739-4EF4-4F20-B5F1-8EC7D8ECBEDF}.Release|Any CPU.ActiveCfg = Release|Any CPU
		{66FB5739-4EF4-4F20-B5F1-8EC7D8ECBEDF}.Release|Any CPU.Build.0 = Release|Any CPU
		{66FB5739-4EF4-4F20-B5F1-8EC7D8ECBEDF}.Release|x64.ActiveCfg = Release|Any CPU
		{66FB5739-4EF4-4F20-B5F1-8EC7D8ECBEDF}.Release|x64.Build.0 = Release|Any CPU
		{66FB5739-4EF4-4F20-B5F1-8EC7D8ECBEDF}.Release|x86.ActiveCfg = Release|Any CPU
		{66FB5739-4EF4-4F20-B5F1-8EC7D8ECBEDF}.Release|x86.Build.0 = Release|Any CPU
		{D2BE1018-C856-42F3-AD1A-5C0D7F23A8D4}.Debug|Any CPU.ActiveCfg = Debug|Any CPU
		{D2BE1018-C856-42F3-AD1A-5C0D7F23A8D4}.Debug|Any CPU.Build.0 = Debug|Any CPU
		{D2BE1018-C856-42F3-AD1A-5C0D7F23A8D4}.Debug|x64.ActiveCfg = Debug|Any CPU
		{D2BE1018-C856-42F3-AD1A-5C0D7F23A8D4}.Debug|x64.Build.0 = Debug|Any CPU
		{D2BE1018-C856-42F3-AD1A-5C0D7F23A8D4}.Debug|x86.ActiveCfg = Debug|Any CPU
		{D2BE1018-C856-42F3-AD1A-5C0D7F23A8D4}.Debug|x86.Build.0 = Debug|Any CPU
		{D2BE1018-C856-42F3-AD1A-5C0D7F23A8D4}.Release|Any CPU.ActiveCfg = Release|Any CPU
		{D2BE1018-C856-42F3-AD1A-5C0D7F23A8D4}.Release|Any CPU.Build.0 = Release|Any CPU
		{D2BE1018-C856-42F3-AD1A-5C0D7F23A8D4}.Release|x64.ActiveCfg = Release|Any CPU
		{D2BE1018-C856-42F3-AD1A-5C0D7F23A8D4}.Release|x64.Build.0 = Release|Any CPU
		{D2BE1018-C856-42F3-AD1A-5C0D7F23A8D4}.Release|x86.ActiveCfg = Release|Any CPU
		{D2BE1018-C856-42F3-AD1A-5C0D7F23A8D4}.Release|x86.Build.0 = Release|Any CPU
	EndGlobalSection
	GlobalSection(SolutionProperties) = preSolution
		HideSolutionNode = FALSE
	EndGlobalSection
	GlobalSection(NestedProjects) = preSolution
		{6E6D6F38-D13B-4F93-9F78-63E80FE9D497} = {31CBEB51-93DC-9CA1-DA8D-67643319BEE1}
		{1BDCE16F-44E9-1D02-8623-3C0B350C7CC7} = {5854FF58-B8C5-05C6-5BF2-ACE42193F22B}
		{62AB30CD-6E55-4CDF-873A-7D65B3D79B0B} = {1BDCE16F-44E9-1D02-8623-3C0B350C7CC7}
		{9891E600-A517-4BCB-9288-7DA5688AC97C} = {1BDCE16F-44E9-1D02-8623-3C0B350C7CC7}
		{AA8AE703-9933-4D92-915B-C51BD9179957} = {1BDCE16F-44E9-1D02-8623-3C0B350C7CC7}
		{D32C1E6C-1F45-4A62-9DD9-D47793144727} = {1BDCE16F-44E9-1D02-8623-3C0B350C7CC7}
		{AD9F30AE-233F-48A1-BEB6-E323FCC7AFCC} = {1BDCE16F-44E9-1D02-8623-3C0B350C7CC7}
		{06470F13-D646-4954-ED4A-FA216054436A} = {5854FF58-B8C5-05C6-5BF2-ACE42193F22B}
		{7AFA9A7D-C6B6-4E50-B036-34B32D26E449} = {06470F13-D646-4954-ED4A-FA216054436A}
		{A6C356BE-C396-44F7-A0C7-AF4B1D9E2B7A} = {06470F13-D646-4954-ED4A-FA216054436A}
		{AFA73F9F-3D5B-4D6D-A8B2-3EE977F6F8EA} = {06470F13-D646-4954-ED4A-FA216054436A}
		{B01C6772-A485-4206-BB2E-9FEF8DB42700} = {06470F13-D646-4954-ED4A-FA216054436A}
		{586F9CC5-AAB3-46C2-BDD4-DB49B7350B07} = {06470F13-D646-4954-ED4A-FA216054436A}
		{714CC2AF-245C-D6B1-E117-A1157E62AF44} = {5854FF58-B8C5-05C6-5BF2-ACE42193F22B}
		{0DB26B7C-0A09-4197-97CF-F3F958EAE8DB} = {714CC2AF-245C-D6B1-E117-A1157E62AF44}
		{02585FFD-52FE-4C06-9F47-FF54B1AB96AA} = {714CC2AF-245C-D6B1-E117-A1157E62AF44}
		{34395AB8-6FB4-4AE1-AA6E-DF154353EBD7} = {714CC2AF-245C-D6B1-E117-A1157E62AF44}
		{911AC7FD-FCD5-4FD8-9D5F-975AAD63992E} = {714CC2AF-245C-D6B1-E117-A1157E62AF44}
		{AC23AD4C-0C60-4AB9-AFD3-427A21E7660D} = {714CC2AF-245C-D6B1-E117-A1157E62AF44}
		{86ABE1F9-23ED-9C87-BC7A-555EAC0243D4} = {5854FF58-B8C5-05C6-5BF2-ACE42193F22B}
		{A091AEA1-D66C-4B7E-9CDD-32FB7F3F3AA6} = {86ABE1F9-23ED-9C87-BC7A-555EAC0243D4}
		{174E8133-6D6D-4236-85B6-617D3D217389} = {86ABE1F9-23ED-9C87-BC7A-555EAC0243D4}
		{B57B65FB-874B-4890-9315-8CE82319582A} = {86ABE1F9-23ED-9C87-BC7A-555EAC0243D4}
		{CE2C0752-06D7-4DA7-BF7E-6B72FF5959DD} = {86ABE1F9-23ED-9C87-BC7A-555EAC0243D4}
		{33024B36-3300-44B8-95BC-36B9A2624E2F} = {86ABE1F9-23ED-9C87-BC7A-555EAC0243D4}
		{B3E177CD-7AD0-C958-1D54-EE6EA7C70667} = {5854FF58-B8C5-05C6-5BF2-ACE42193F22B}
		{7815950D-A6AC-45F7-9D19-6CA252008E8C} = {B3E177CD-7AD0-C958-1D54-EE6EA7C70667}
		{8822F62B-FC17-4107-90BA-57FF41BC270E} = {B3E177CD-7AD0-C958-1D54-EE6EA7C70667}
		{4872AD2E-D302-457E-8AB8-E52CB49C4776} = {B3E177CD-7AD0-C958-1D54-EE6EA7C70667}
		{A0F51E5F-429D-407A-A73E-1C71FC184045} = {B3E177CD-7AD0-C958-1D54-EE6EA7C70667}
		{85F3665D-E895-4754-8F86-47EB19CEB4E8} = {B3E177CD-7AD0-C958-1D54-EE6EA7C70667}
		{453329C7-E3F5-0526-9418-BA149D327019} = {5854FF58-B8C5-05C6-5BF2-ACE42193F22B}
		{7B197379-4C51-471A-83E2-EEFBAD6812F2} = {453329C7-E3F5-0526-9418-BA149D327019}
		{2F2E8EEA-D628-4E67-9705-6DE75844FA15} = {453329C7-E3F5-0526-9418-BA149D327019}
		{1C46C78C-CEA2-46D3-8C6C-64397523E840} = {453329C7-E3F5-0526-9418-BA149D327019}
		{C325CD48-499F-4C7F-B2F9-03C38544F06E} = {453329C7-E3F5-0526-9418-BA149D327019}
		{1DF13E3E-E7CC-4FC0-8123-C40AB73141BB} = {453329C7-E3F5-0526-9418-BA149D327019}
		{5979469B-CEB9-B27D-9095-D604475979B8} = {5854FF58-B8C5-05C6-5BF2-ACE42193F22B}
		{2B68E071-9CD5-4E92-95FC-7342B1883F05} = {5979469B-CEB9-B27D-9095-D604475979B8}
		{0B8C1D7D-C76D-4A9F-9676-19CA9822B204} = {5979469B-CEB9-B27D-9095-D604475979B8}
		{14F3779D-553C-48C5-AF3B-55BA663F6A8B} = {5979469B-CEB9-B27D-9095-D604475979B8}
		{B25C657A-E874-44C8-A96B-DC2BD4D84705} = {5979469B-CEB9-B27D-9095-D604475979B8}
		{66FB5739-4EF4-4F20-B5F1-8EC7D8ECBEDF} = {5979469B-CEB9-B27D-9095-D604475979B8}
		{FCA01246-F2C6-0AA7-D43F-FD13BE0B9D88} = {827E0CD3-B72D-47B6-A68D-7590B98EB39B}
		{D2BE1018-C856-42F3-AD1A-5C0D7F23A8D4} = {FCA01246-F2C6-0AA7-D43F-FD13BE0B9D88}
	EndGlobalSection
	GlobalSection(ExtensibilityGlobals) = postSolution
		SolutionGuid = {27F6921F-2044-4AB8-81B8-FA1DEA892E31}
	EndGlobalSection
EndGlobal
